github.com/BurntSushi/toml v1.3.2 h1:o7IhLm0Msx3BaB+n3Ag7L8EVlByGnpq14C4YWiu/gL8=
github.com/DataDog/zstd v1.5.2 h1:vUG4lAyuPCXO0TLbXvPv7EB7cNK1QV/luu55UHLrrn8=
github.com/VictoriaMetrics/fastcache v1.9.0 h1:oMwsS6c8abz98B7ytAewQ7M1ZN/Im/iwKoE1euaFvhs=
github.com/allegro/bigcache v1.2.1 h1:hg1sY1raCwic3Vnsvje6TT7/pnZba83LeFck5NrFKSc=
github.com/benbjohnson/clock v1.3.0 h1:ip6w0uFQkncKQ979AypyG0ER7mqUSBdKLOgAle/AT8A=
github.com/beorn7/perks v1.0.1 h1:VlbKKnNfV8bJzeqoa4cOKqO6bYr3WgKZxO8Z16+hsOM=
github.com/bits-and-blooms/bitset v1.7.0 h1:YjAGVd3XmtK9ktAbX8Zg2g2PwLIMjGREZJHlV4j7NEo=
github.com/btcsuite/btcd v0.23.3 h1:4KH/JKy9WiCd+iUS9Mu0Zp7Dnj17TGdKrg9xc/FGj24=
github.com/btcsuite/btcd/btcec/v2 v2.2.0 h1:fzn1qaOt32TuLjFlkzYSsBC35Q3KUjT1SwPxiMSCF5k=
github.com/btcsuite/btcd/btcutil v1.1.0 h1:MO4klnGY+EWJdoWF12Wkuf4AWDBPMpZNeN/jRLrklUU=
github.com/btcsuite/btcd/chaincfg/chainhash v1.0.1 h1:q0rUy8C/TYNBQS1+CGKw68tLOFYSNEs0TFnxxnS9+4U=
github.com/cespare/cp v0.1.0 h1:SE+dxFebS7Iik5LK0tsi1k9ZCxEaFX4AjQmoyA+1dJk=
github.com/cespare/xxhash/v2 v2.2.0 h1:DC2CZ1Ep5Y4k3ZQ899DldepgrayRUGE6BBZ/cd9Cj44=
github.com/cockroachdb/datadriven v1.0.2 h1:H9MtNqVoVhvd9nCBwOyDjUEdZCREqbIdCJD93PBm/jA=
github.com/cockroachdb/errors v1.9.1 h1:yFVvsI0VxmRShfawbt/laCIDy/mtTqqnvoNgiy5bEV8=
github.com/cockroachdb/logtags v0.0.0-20230118201751-21c54148d20b h1:r6VH0faHjZeQy818SGhaone5OnYfxFR/+AzdY3sf5aE=
github.com/cockroachdb/pebble v0.0.0-20230209160836-829675f94811 h1:ytcWPaNPhNoGMWEhDvS3zToKcDpRsLuRolQJBVGdozk=
github.com/cockroachdb/redact v1.1.3 h1:AKZds10rFSIj7qADf0g46UixK8NNLwWTNdCIGS5wfSQ=
github.com/consensys/bavard v0.1.13 h1:oLhMLOFGTLdlda/kma4VOJazblc7IM5y5QPd2A/YjhQ=
github.com/consensys/gnark-crypto v0.10.0 h1:zRh22SR7o4K35SoNqouS9J/TKHTyU2QWaj5ldehyXtA=
github.com/containerd/cgroups v1.0.4 h1:jN/mbWBEaz+T1pi5OFtnkQ+8qnmEbAr1Oo1FRm5B0dA=
github.com/coreos/go-systemd/v22 v22.5.0 h1:RrqgGjYQKalulkV8NGVIfkXQf6YYmOyiJKk8iXXhfZs=
github.com/cpuguy83/go-md2man/v2 v2.0.2 h1:p1EgwI/C7NhT0JmVkwCD2ZBK8j4aeHQX2pMHHBfMQ6w=
github.com/crate-crypto/go-kzg-4844 v0.2.0 h1:UVuHOE+5tIWrim4zf/Xaa43+MIsDCPyW76QhUpiMGj4=
github.com/davecgh/go-spew v1.1.1 h1:vj9j/u1bqnvCEfJOwUhtlOARqs3+rkHYY13jYWTU97c=
github.com/davidlazar/go-crypto v0.0.0-20200604182044-b73af7476f6c h1:pFUpOrbxDR6AkioZ1ySsx5yxlDQZ8stG2b88gTPxgJU=
github.com/deckarep/golang-set/v2 v2.1.0 h1:g47V4Or+DUdzbs8FxCCmgb6VYd+ptPAngjM6dtGktsI=
github.com/decred/dcrd/crypto/blake256 v1.0.0 h1:/8DMNYp9SGi5f0w7uCm6d6M4OU2rGFK09Y2A4Xv7EE0=
github.com/decred/dcrd/dcrec/secp256k1/v4 v4.1.0 h1:HbphB4TFFXpv7MNrT52FGrrgVXF1owhMVTHFZIlnvd4=
github.com/deepmap/oapi-codegen v1.8.2 h1:SegyeYGcdi0jLLrpbCMoJxnUUn8GBXHsvr4rbzjuhfU=
github.com/docker/docker v20.10.10+incompatible h1:GKkP0T7U4ks6X3lmmHKC2QDprnpRJor2Z5a8m62R9ZM=
github.com/docker/go-units v0.5.0 h1:69rxXcBk27SvSaaxTtLh/8llcHD8vYHT7WSdRZ/jvr4=
github.com/elastic/gosigar v0.14.2 h1:Dg80n8cr90OZ7x+bAax/QjoW/XqTI11RmA79ZwIm9/4=
github.com/ethereum-optimism/go-ethereum-hdwallet v0.1.3 h1:RWHKLhCrQThMfch+QJ1Z8veEq5ZO3DfIhZ7xgRP9WTc=
github.com/ethereum/c-kzg-4844 v0.2.0 h1:+cUvymlnoDDQgMInp25Bo3OmLajmmY8mLJ/tLjqd77Q=
github.com/ethereum/go-ethereum v1.12.0 h1:bdnhLPtqETd4m3mS8BGMNvBTf36bO5bx/hxE2zljOa0=
github.com/fjl/memsize v0.0.1 h1:+zhkb+dhUgx0/e+M8sF0QqiouvMQUiKR+QYvdxIOKcQ=
github.com/flynn/noise v1.0.0 h1:DlTHqmzmvcEiKj+4RYo/imoswx/4r6iBlCMfVtrMXpQ=
github.com/francoispqt/gojay v1.2.13 h1:d2m3sFjloqoIUQU3TsHBgj6qg/BVGlTBeHDUmyJnXKk=
github.com/fsnotify/fsnotify v1.6.0 h1:n+5WquG0fcWoWp6xPWfHdbskMCQaFnG6PfBrh1Ky4HY=
github.com/gballet/go-libpcsclite v0.0.0-20191108122812-4678299bea08 h1:f6D9Hr8xV8uYKlyuj8XIruxlh9WjVjdh1gIicAS7ays=
github.com/getsentry/sentry-go v0.18.0 h1:MtBW5H9QgdcJabtZcuJG80BMOwaBpkRDZkxRkNC1sN0=
github.com/go-errors/errors v1.4.2 h1:J6MZopCL4uSllY1OfXM374weqZFFItUbrImctkmUxIA=
github.com/go-ole/go-ole v1.2.6 h1:/Fpf6oFPoeFik9ty7siob0G6Ke8QvQEuVcuChpwXzpY=
github.com/go-stack/stack v1.8.1 h1:ntEHSVwIt7PNXNpgPmVfMrNhLtgjlmnZha2kOpuRiDw=
github.com/go-task/slim-sprig v0.0.0-20210107165309-348f09dbbbc0 h1:p104kn46Q8WdvHunIJ9dAyjPVtrBPhSr3KT2yUst43I=
github.com/godbus/dbus/v5 v5.1.0 h1:4KLkAxT3aOY8Li4FRJe/KvhoNFFxo0m6fNuFUO8QJUk=
github.com/gofrs/flock v0.8.1 h1:+gYjHKf32LDeiEEFhQaotPbLuUXjY5ZqxKgXy7n59aw=
github.com/gogo/protobuf v1.3.2 h1:Ov1cvc58UF3b5XjBnZv7+opcTcQFZebYjWzi34vdm4Q=
github.com/golang-jwt/jwt/v4 v4.5.0 h1:7cYmW1XlMY7h7ii7UhUyChSgS5wUJEnm9uZVTGqOWzg=
github.com/golang/mock v1.6.0 h1:ErTB+efbowRARo13NNdxyJji2egdxLGQhRaY+DUumQc=
github.com/golang/protobuf v1.5.3 h1:KhyjKVUg7Usr/dYsdSqoFveMYd5ko72D+zANwlG1mmg=
github.com/golang/snappy v0.0.5-0.20220116011046-fa5810519dcb h1:PBC98N2aIaM3XXiurYmW7fx4GZkL8feAMVq7nEjURHk=
github.com/google/go-cmp v0.5.9 h1:O2Tfq5qg4qc4AmwVlvv0oLiVAGB7enBSJ2x2DqQFi38=
github.com/google/gofuzz v1.1.1-0.20200604201612-c04b05f3adfa h1:Q75Upo5UN4JbPFURXZ8nLKYUvF85dyFRop/vQ0Rv+64=
github.com/google/gopacket v1.1.19 h1:ves8RnFZPGiFnTS0uPQStjwru6uO6h+nlr9j6fL7kF8=
github.com/google/pprof v0.0.0-20221203041831-ce31453925ec h1:fR20TYVVwhK4O7r7y+McjRYyaTH6/vjwJOajE+XhlzM=
github.com/google/uuid v1.3.0 h1:t6JiXgmwXMjEs8VusXIJk2BXHsn+wx8BZdTaoZ5fu7I=
github.com/gorilla/websocket v1.5.0 h1:PPwGk2jz7EePpoHN/+ClbZu8SPxiqlu12wZP/3sWmnc=
github.com/graph-gophers/graphql-go v1.3.0 h1:Eb9x/q6MFpCLz7jBCiP/WTxjSDrYLR1QY41SORZyNJ0=
github.com/hashicorp/go-bexpr v0.1.11 h1:6DqdA/KBjurGby9yTY0bmkathya0lfwF2SeuubCI7dY=
github.com/holiman/bloomfilter/v2 v2.0.3 h1:73e0e/V0tCydx14a0SCYS/EWCxgwLZ18CZcZKVu0fao=
github.com/holiman/uint256 v1.2.2-0.20230321075855-87b91420868c h1:DZfsyhDK1hnSS5lH8l+JggqzEleHteTYfutAiVlSUM8=
github.com/huin/goupnp v1.0.3 h1:N8No57ls+MnjlB+JPiCVSOyy/ot7MJTqlo7rn+NYSqQ=
github.com/influxdata/influxdb-client-go/v2 v2.4.0 h1:HGBfZYStlx3Kqvsv1h2pJixbCl/jhnFtxpKFAv9Tu5k=
github.com/influxdata/influxdb1-client v0.0.0-20220302092344-a9ab5670611c h1:qSHzRbhzK8RdXOsAdfDgO49TtqC1oZ+acxPrkfTxcCs=
github.com/influxdata/line-protocol v0.0.0-20210311194329-9aa0e372d097 h1:vilfsDSy7TDxedi9gyBkMvAirat/oRcL0lFdJBf6tdM=
github.com/ipfs/go-cid v0.3.2 h1:OGgOd+JCFM+y1DjWPmVH+2/4POtpDzwcr7VgnB7mZXc=
github.com/ipfs/go-datastore v0.6.0 h1:JKyz+Gvz1QEZw0LsX1IBn+JFCJQH4SJVFtM4uWU0Myk=
github.com/ipfs/go-detect-race v0.0.1 h1:qX/xay2W3E4Q1U7d9lNs1sU9nvguX0a7319XbyQ6cOk=
github.com/ipfs/go-log/v2 v2.5.1 h1:1XdUzF7048prq4aBjDQQ4SL5RxftpRGdXhNRwKSAlcY=
github.com/jackpal/go-nat-pmp v1.0.2 h1:KzKSgb7qkJvOUTqYl9/Hg/me3pWgBmERKrTGD7BdWus=
github.com/jbenet/go-temp-err-catcher v0.1.0 h1:zpb3ZH6wIE8Shj2sKS+khgRvf7T7RABoLk/+KKHggpk=
github.com/jbenet/goprocess v0.1.4 h1:DRGOFReOMqqDNXwW70QkacFW0YN9QnwLV0Vqk+3oU0o=
github.com/julienschmidt/httprouter v1.3.0 h1:U0609e9tgbseu3rBINet9P48AI/D3oJs4dN7jwJOQ1U=
github.com/klauspost/compress v1.15.15 h1:EF27CXIuDsYJ6mmvtBRlEuB2UVOqHG1tAXgZ7yIO+lw=
github.com/klauspost/cpuid/v2 v2.2.1 h1:U33DW0aiEj633gHYw3LoDNfkDiYnE5Q8M/TKJn2f2jI=
github.com/koron/go-ssdp v0.0.3 h1:JivLMY45N76b4p/vsWGOKewBQu6uf39y8l+AQ7sDKx8=
github.com/kr/pretty v0.3.1 h1:flRD4NNwYAUpkphVc1HcthR4KEIFJ65n8Mw5qdRn3LE=
github.com/kr/text v0.2.0 h1:5Nx0Ya0ZqY2ygV366QzturHI13Jq95ApcVaJBhpS+AY=
github.com/kylelemons/godebug v1.1.0 h1:RPNrshWIDI6G2gRW9EHilWtl7Z6Sb1BR0xunSBf0SNc=
github.com/leanovate/gopter v0.2.9 h1:fQjYxZaynp97ozCzfOyOuAGOU4aU/z37zf/tOujFk7c=
github.com/libp2p/go-buffer-pool v0.1.0 h1:oK4mSFcQz7cTQIfqbe4MIj9gLW+mnanjyFtc6cdF0Y8=
github.com/libp2p/go-cidranger v1.1.0 h1:ewPN8EZ0dd1LSnrtuwd4709PXVcITVeuwbag38yPW7c=
github.com/libp2p/go-flow-metrics v0.1.0 h1:0iPhMI8PskQwzh57jB9WxIuIOQ0r+15PChFGkx3Q3WM=
github.com/libp2p/go-libp2p v0.25.0 h1:ND6Hc6ZYCzC8S++C4mOD7LdPnLXRkNbr12/8FXgUfIo=
github.com/libp2p/go-libp2p-asn-util v0.2.0 h1:rg3+Os8jbnO5DxkC7K/Utdi+DkY3q/d1/1q+8WeNAsw=
github.com/libp2p/go-libp2p-testing v0.12.0 h1:EPvBb4kKMWO29qP4mZGyhVzUyR25dvfUIK5WDu6iPUA=
github.com/libp2p/go-msgio v0.3.0 h1:mf3Z8B1xcFN314sWX+2vOTShIE0Mmn2TXn3YCUQGNj0=
github.com/libp2p/go-nat v0.1.0 h1:MfVsH6DLcpa04Xr+p8hmVRG4juse0s3J8HyNWYHffXg=
github.com/libp2p/go-netroute v0.2.1 h1:V8kVrpD8GK0Riv15/7VN6RbUQ3URNZVosw7H2v9tksU=
github.com/libp2p/go-reuseport v0.2.0 h1:18PRvIMlpY6ZK85nIAicSBuXXvrYoSw3dsBAR7zc560=
github.com/libp2p/go-yamux/v4 v4.0.0 h1:+Y80dV2Yx/kv7Y7JKu0LECyVdMXm1VUoko+VQ9rBfZQ=
github.com/marten-seemann/tcp v0.0.0-20210406111302-dfbc87cc63fd h1:br0buuQ854V8u83wA0rVZ8ttrq5CpaPZdvrK0LP2lOk=
github.com/mattn/go-colorable v0.1.13 h1:fFA4WZxdEF4tXPZVKMLwD8oUnCTTo08duU7wxecdEvA=
github.com/mattn/go-isatty v0.0.16 h1:bq3VjFmv/sOjHtdEhmkEV4x1AJtvUvOJ2PFAZ5+peKQ=
github.com/mattn/go-runewidth v0.0.13 h1:lTGmDsbAYt5DmK6OnoV7EuIF1wEIFAcxld6ypU4OSgU=
github.com/matttproud/golang_protobuf_extensions v1.0.4 h1:mmDVorXM7PCGKw94cs5zkfA9PSy5pEvNWRP0ET0TIVo=
github.com/miekg/dns v1.1.50 h1:DQUfb9uc6smULcREF09Uc+/Gd46YWqJd5DbpPE9xkcA=
github.com/mikioh/tcpinfo v0.0.0-20190314235526-30a79bb1804b h1:z78hV3sbSMAUoyUMM0I83AUIT6Hu17AWfgjzIbtrYFc=
github.com/mikioh/tcpopt v0.0.0-20190314235656-172688c1accc h1:PTfri+PuQmWDqERdnNMiD9ZejrlswWrCpBEZgWOiTrc=
github.com/minio/sha256-simd v1.0.0 h1:v1ta+49hkWZyvaKwrQB8elexRqm6Y0aMLjCNsrYxo6g=
github.com/mitchellh/mapstructure v1.5.0 h1:jeMsZIYE/09sWLaz43PL7Gy6RuMjD2eJVyuac5Z2hdY=
github.com/mitchellh/pointerstructure v1.2.1 h1:ZhBBeX8tSlRpu/FFhXH4RC4OJzFlqsQhoHZAz4x7TIw=
github.com/mmcloughlin/addchain v0.4.0 h1:SobOdjm2xLj1KkXN5/n0xTIWyZA2+s99UCY1iPfkHRY=
github.com/mr-tron/base58 v1.2.0 h1:T/HDJBh4ZCPbU39/+c3rRvE0uKBQlU27+QI8LJ4t64o=
github.com/multiformats/go-base32 v0.1.0 h1:pVx9xoSPqEIQG8o+UbAe7DNi51oej1NtK+aGkbLYxPE=
github.com/multiformats/go-base36 v0.2.0 h1:lFsAbNOGeKtuKozrtBsAkSVhv1p9D0/qedU9rQyccr0=
github.com/multiformats/go-multiaddr v0.8.0 h1:aqjksEcqK+iD/Foe1RRFsGZh8+XFiGo7FgUCZlpv3LU=
github.com/multiformats/go-multiaddr-dns v0.3.1 h1:QgQgR+LQVt3NPTjbrLLpsaT2ufAA2y0Mkk+QRVJbW3A=
github.com/multiformats/go-multiaddr-fmt v0.1.0 h1:WLEFClPycPkp4fnIzoFoV9FVd49/eQsuaL3/CWe167E=
github.com/multiformats/go-multibase v0.1.1 h1:3ASCDsuLX8+j4kx58qnJ4YFq/JWTJpCyDW27ztsVTOI=
github.com/multiformats/go-multicodec v0.7.0 h1:rTUjGOwjlhGHbEMbPoSUJowG1spZTVsITRANCjKTUAQ=
github.com/multiformats/go-multihash v0.2.1 h1:aem8ZT0VA2nCHHk7bPJ1BjUbHNciqZC/d16Vve9l108=
github.com/multiformats/go-multistream v0.4.0 h1:5i4JbawClkbuaX+mIVXiHQYVPxUW+zjv6w7jtSRukxc=
github.com/multiformats/go-varint v0.0.7 h1:sWSGR+f/eu5ABZA2ZpYKBILXTTs9JWpdEM/nEGOHFS8=
github.com/nxadm/tail v1.4.8 h1:nPr65rt6Y5JFSKQO7qToXr7pePgD6Gwiw05lkbyAQTE=
github.com/olekukonko/tablewriter v0.0.5 h1:P2Ga83D34wi1o9J6Wh1mRuqd4mF/x/lgBS7N7AbDhec=
github.com/onsi/ginkgo v1.16.5 h1:8xi0RTUf59SOSfEtZMvwTvXYMzG4gV23XVHOZiXNtnE=
github.com/onsi/ginkgo/v2 v2.5.1 h1:auzK7OI497k6x4OvWq+TKAcpcSAlod0doAH72oIN0Jw=
github.com/onsi/gomega v1.24.0 h1:+0glovB9Jd6z3VR+ScSwQqXVTIfJcGA9UBM8yzQxhqg=
github.com/opencontainers/runtime-spec v1.0.3-0.20210326190908-1c3f411f0417 h1:3snG66yBm59tKhhSPQrQ/0bCrv1LQbKt40LnUPiUxdc=
github.com/opentracing/opentracing-go v1.2.0 h1:uEJPy/1a5RIPAJ0Ov+OIO8OxWu77jEv+1B0VhjKrZUs=
github.com/pbnjay/memory v0.0.0-20210728143218-7b4eea64cf58 h1:onHthvaw9LFnH4t2DcNVpwGmV9E1BkGknEliJkfwQj0=
github.com/peterh/liner v1.1.1-0.20190123174540-a2c9a5303de7 h1:oYW+YCJ1pachXTQmzR3rNLYGGz4g/UgFcjb28p/viDM=
github.com/pingcap/errors v0.11.4 h1:lFuQV/oaUMGcD2tqt+01ROSmJs75VG1ToEOkZIZ4nE4=
github.com/pkg/errors v0.9.1 h1:FEBLx1zS214owpjy7qsBeixbURkuhQAwrK5UwLGTwt4=
github.com/pmezard/go-difflib v1.0.0 h1:4DBwDE0NGyQoBHbLQYPwSUPoCMWR5BEzIk/f1lZbAQM=
github.com/prometheus/client_golang v1.15.1 h1:8tXpTmJbyH5lydzFPoxSIJ0J46jdh3tylbvM1xCv0LI=
github.com/prometheus/client_model v0.3.0 h1:UBgGFHqYdG/TPFD1B1ogZywDqEkwp3fBMvqdiQ7Xew4=
github.com/prometheus/common v0.42.0 h1:EKsfXEYo4JpWMHH5cg+KOUWeuJSov1Id8zGR8eeI1YM=
github.com/prometheus/procfs v0.9.0 h1:wzCHvIvM5SxWqYvwgVL7yJY8Lz3PKn49KQtpgMYJfhI=
github.com/quic-go/qpack v0.4.0 h1:Cr9BXA1sQS2SmDUWjSofMPNKmvF6IiIfDRmgU0w1ZCo=
github.com/quic-go/qtls-go1-18 v0.2.0 h1:5ViXqBZ90wpUcZS0ge79rf029yx0dYB0McyPJwqqj7U=
github.com/quic-go/qtls-go1-19 v0.2.0 h1:Cvn2WdhyViFUHoOqK52i51k4nDX8EwIh5VJiVM4nttk=
github.com/quic-go/qtls-go1-20 v0.1.0 h1:d1PK3ErFy9t7zxKsG3NXBJXZjp/kMLoIb3y/kV54oAI=
github.com/quic-go/quic-go v0.32.0 h1:lY02md31s1JgPiiyfqJijpu/UX/Iun304FI3yUqX7tA=
github.com/quic-go/webtransport-go v0.5.1 h1:1eVb7WDWCRoaeTtFHpFBJ6WDN1bSrPrRoW6tZgSw0Ow=
github.com/raulk/go-watchdog v1.3.0 h1:oUmdlHxdkXRJlwfG0O9omj8ukerm8MEQavSiDTEtBsk=
github.com/rivo/uniseg v0.2.0 h1:S1pD9weZBuJdFmowNwbpi7BJ8TNftyUImj/0WQi72jY=
github.com/rogpeppe/go-internal v1.9.0 h1:73kH8U+JUqXU8lRuOHeVHaa/SZPifC7BkcraZVejAe8=
github.com/rs/cors v1.8.2 h1:KCooALfAYGs415Cwu5ABvv9n9509fSiG5SQJn/AQo4U=
github.com/russross/blackfriday/v2 v2.1.0 h1:JIOH55/0cWyOuilr9/qlrm0BSXldqnqwMsf35Ld67mk=
github.com/shirou/gopsutil v3.21.11+incompatible h1:+1+c1VGhc88SSonWP6foOcLhvnKlUeu/erjjvaPEYiI=
github.com/spaolacci/murmur3 v1.1.0 h1:7c1g84S4BPRrfL5Xrdp6fOJ206sU9y293DDHaoy0bLI=
github.com/status-im/keycard-go v0.2.0 h1:QDLFswOQu1r5jsycloeQh3bVU8n/NatHHaZobtDnDzA=
github.com/stretchr/testify v1.8.4 h1:CcVxjf3Q8PM0mHUKJCdn+eZZtm5yQwehR5yeSVQQcUk=
github.com/supranational/blst v0.3.11-0.20230406105308-e9dfc5ee724b h1:u49mjRnygnB34h8OKbnNJFVUtWSKIKb1KukdV8bILUM=
github.com/syndtr/goleveldb v1.0.1-0.20210819022825-2ae1ddf74ef7 h1:epCh84lMvA70Z7CTTCmYQn2CKbY8j86K7/FAIr141uY=
github.com/tklauser/go-sysconf v0.3.10 h1:IJ1AZGZRWbY8T5Vfk04D9WOA5WSejdflXxP03OUqALw=
github.com/tklauser/numcpus v0.4.0 h1:E53Dm1HjH1/R2/aoCtXtPgzmElmn51aOkhCFSuZq//o=
github.com/tyler-smith/go-bip39 v1.1.0 h1:5eUemwrMargf3BSLRRCalXT93Ns6pQJIjYQN2nyfOP8=
github.com/urfave/cli/v2 v2.17.2-0.20221006022127-8f469abc00aa h1:5SqCsI/2Qya2bCzK15ozrqo2sZxkh0FHynJZOTVoV6Q=
github.com/xrash/smetrics v0.0.0-20201216005158-039620a65673 h1:bAn7/zixMGCfxrRTfdpNzjtPYqr8smhKouy9mxVdGPU=
github.com/yusufpapurcu/wmi v1.2.2 h1:KBNDSne4vP5mbSWnJbO+51IMOXJB67QiYCSBrubbPRg=
go.uber.org/atomic v1.10.0 h1:9qC72Qh0+3MqyJbAn8YU5xVq1frD8bn3JtD2oXtafVQ=
go.uber.org/dig v1.15.0 h1:vq3YWr8zRj1eFGC7Gvf907hE0eRjPTZ1d3xHadD6liE=
go.uber.org/fx v1.18.2 h1:bUNI6oShr+OVFQeU8cDNbnN7VFsu+SsjHzUF51V/GAU=
go.uber.org/goleak v1.1.12 h1:gZAh5/EyT/HQwlpkCy6wTpqfH9H8Lz8zbm3dZh+OyzA=
go.uber.org/multierr v1.8.0 h1:dg6GjLku4EH+249NNmoIciG9N/jURbDG+pFlTkhzIC8=
go.uber.org/zap v1.24.0 h1:FiJd5l1UOLj0wCgbSE0rwwXHzEdAZS6hiiSnxJN/D60=
golang.org/x/crypto v0.9.0 h1:LF6fAI+IutBocDJ2OT0Q1g8plpYljMZ4+lty+dsqw3g=
golang.org/x/exp v0.0.0-20230206171751-46f607a40771 h1:xP7rWLUr1e1n2xkK5YB4LI0hPEy3LJC6Wk+D4pGlOJg=
golang.org/x/mod v0.9.0 h1:KENHtAZL2y3NLMYZeHY9DW8HW8V+kQyJsY/V9JlKvCs=
golang.org/x/net v0.10.0 h1:X2//UzNDwYmtCLn7To6G58Wr6f5ahEAQgKNzv9Y951M=
golang.org/x/sync v0.2.0 h1:PUR+T4wwASmuSTYdKjYHI5TD22Wy5ogLU5qZCOLxBrI=
golang.org/x/sys v0.8.0 h1:EBmGv8NaZBZTWvrbjNoL6HVt+IVy3QDQpJs7VRIw3tU=
golang.org/x/text v0.9.0 h1:2sjJmO8cDvYveuX97RDLsxlyUxLl+GHoLxBiRdHllBE=
golang.org/x/time v0.3.0 h1:rg5rLMjNzMS1RkNLzCG38eapWhnYLFYXDXj2gOlr8j4=
golang.org/x/tools v0.7.0 h1:W4OVu8VVOaIO0yzWMNdepAulS7YfoS3Zabrm8DOXXU4=
google.golang.org/protobuf v1.30.0 h1:kPPoIgf3TsEvrm0PFe15JQ+570QVxYzEvvHqChK+cng=
gopkg.in/check.v1 v1.0.0-20201130134442-10cb98267c6c h1:Hei/4ADfdWqJk1ZMxUNpqntNwaWcugrBjAiHlqqRiVk=
gopkg.in/natefinch/lumberjack.v2 v2.0.0 h1:1Lc07Kr7qY4U2YPouBjpCLxpiyxIVoxqXgkXLknAOE8=
gopkg.in/natefinch/npipe.v2 v2.0.0-20160621034901-c1b8fa8bdcce h1:+JknDZhAj8YMt7GC73Ei8pv4MzjDUNPHgQWJdtMAaDU=
gopkg.in/tomb.v1 v1.0.0-20141024135613-dd632973f1e7 h1:uRGJdciOHaEIrze2W8Q3AKkepLTh2hOroT7a+7czfdQ=
gopkg.in/yaml.v2 v2.4.0 h1:D8xgwECY7CYvx+Y2n4sBz93Jn9JRvxdiyyo8CTfuKaY=
gopkg.in/yaml.v3 v3.0.1 h1:fxVm/GzAzEWqLHuvctI91KS9hhNmmWOoWu0XTYJS7CA=
lukechampine.com/blake3 v1.1.7 h1:GgRMhmdsuK8+ii6UZFDL8Nb+VyMwadAgcJyfYHxG6n0=
nhooyr.io/websocket v1.8.7 h1:usjR2uOr/zjjkVMy0lW+PPohFok7PCow5sDjLgX4P4g=
rsc.io/tmplfunc v0.0.3 h1:53XFQh69AfOa8Tw0Jm7t+GV7KZhOi6jzsCzTtKbMvzU=
